
Microsoft Visual Studio Solution File, Format Version 12.00
# Visual Studio Version 17
VisualStudioVersion = 17.11.35222.181
MinimumVisualStudioVersion = 10.0.40219.1
Project("{FAE04EC0-301F-11D3-BF4B-00C04F79EFBC}") = "impl_search", "impl_search.csproj", "{74F9F4F0-59D4-48C2-8016-F15A50F00048}"
EndProject
Global
	GlobalSection(SolutionConfigurationPlatforms) = preSolution
		Debug|Any CPU = Debug|Any CPU
		Release|Any CPU = Release|Any CPU
	EndGlobalSection
	GlobalSection(ProjectConfigurationPlatforms) = postSolution
		{74F9F4F0-59D4-48C2-8016-F15A50F00048}.Debug|Any CPU.ActiveCfg = Debug|Any CPU
		{74F9F4F0-59D4-48C2-8016-F15A50F00048}.Debug|Any CPU.Build.0 = Debug|Any CPU
		{74F9F4F0-59D4-48C2-8016-F15A50F00048}.Release|Any CPU.ActiveCfg = Release|Any CPU
		{74F9F4F0-59D4-48C2-8016-F15A50F00048}.Release|Any CPU.Build.0 = Release|Any CPU
	EndGlobalSection
	GlobalSection(SolutionProperties) = preSolution
		HideSolutionNode = FALSE
	EndGlobalSection
	GlobalSection(ExtensibilityGlobals) = postSolution
		SolutionGuid = {2FA582F8-063F-4668-996C-833AE60AADA3}
	EndGlobalSection
EndGlobal
